
Microsoft Visual Studio Solution File, Format Version 12.00
# Visual Studio for Mac
Project("{FAE04EC0-301F-11D3-BF4B-00C04F79EFBC}") = "Assembly-CSharp", "Assembly-CSharp.csproj", "{DCE49529-35EF-AEB6-E830-035567341DAA}"
EndProject
Project("{FAE04EC0-301F-11D3-BF4B-00C04F79EFBC}") = "Assembly-CSharp-Editor", "Assembly-CSharp-Editor.csproj", "{869216A8-5309-2D7A-7FD5-E245386E9397}"
EndProject
Global
	GlobalSection(SolutionConfigurationPlatforms) = preSolution
		Debug|Any CPU = Debug|Any CPU
		Release|Any CPU = Release|Any CPU
	EndGlobalSection
	GlobalSection(ProjectConfigurationPlatforms) = postSolution
		{DCE49529-35EF-AEB6-E830-035567341DAA}.Debug|Any CPU.ActiveCfg = Debug|Any CPU
		{DCE49529-35EF-AEB6-E830-035567341DAA}.Debug|Any CPU.Build.0 = Debug|Any CPU
		{DCE49529-35EF-AEB6-E830-035567341DAA}.Release|Any CPU.ActiveCfg = Release|Any CPU
		{DCE49529-35EF-AEB6-E830-035567341DAA}.Release|Any CPU.Build.0 = Release|Any CPU
		{869216A8-5309-2D7A-7FD5-E245386E9397}.Debug|Any CPU.ActiveCfg = Debug|Any CPU
		{869216A8-5309-2D7A-7FD5-E245386E9397}.Debug|Any CPU.Build.0 = Debug|Any CPU
		{869216A8-5309-2D7A-7FD5-E245386E9397}.Release|Any CPU.ActiveCfg = Release|Any CPU
		{869216A8-5309-2D7A-7FD5-E245386E9397}.Release|Any CPU.Build.0 = Release|Any CPU
	EndGlobalSection
	GlobalSection(SolutionProperties) = preSolution
		HideSolutionNode = FALSE
	EndGlobalSection
EndGlobal
